
Microsoft Visual Studio Solution File, Format Version 12.00
# Visual Studio Version 17
VisualStudioVersion = 17.5.33530.505
MinimumVisualStudioVersion = 10.0.40219.1
Project("{FAE04EC0-301F-11D3-BF4B-00C04F79EFBC}") = "CajeroATM", "CajeroATM\CajeroATM.csproj", "{03AE121C-534C-4C6A-969B-4A9113D72560}"
EndProject
Global
	GlobalSection(SolutionConfigurationPlatforms) = preSolution
		Debug|Any CPU = Debug|Any CPU
		Release|Any CPU = Release|Any CPU
	EndGlobalSection
	GlobalSection(ProjectConfigurationPlatforms) = postSolution
		{03AE121C-534C-4C6A-969B-4A9113D72560}.Debug|Any CPU.ActiveCfg = Debug|Any CPU
		{03AE121C-534C-4C6A-969B-4A9113D72560}.Debug|Any CPU.Build.0 = Debug|Any CPU
		{03AE121C-534C-4C6A-969B-4A9113D72560}.Release|Any CPU.ActiveCfg = Release|Any CPU
		{03AE121C-534C-4C6A-969B-4A9113D72560}.Release|Any CPU.Build.0 = Release|Any CPU
	EndGlobalSection
	GlobalSection(SolutionProperties) = preSolution
		HideSolutionNode = FALSE
	EndGlobalSection
	GlobalSection(ExtensibilityGlobals) = postSolution
		SolutionGuid = {6F0FF7E1-1D32-4730-BCE8-F794163D54AE}
	EndGlobalSection
EndGlobal
